lockfileVersion: '9.0'

settings:
  autoInstallPeers: true
  excludeLinksFromLockfile: false

importers:

  .:
    dependencies:
      class-transformer:
        specifier: ^0.5.1
        version: 0.5.1
      class-validator:
        specifier: ^0.14.0
        version: 0.14.2
      libphonenumber-js:
        specifier: ^1.11.8
        version: 1.12.29
      zod:
        specifier: ^3.23.8
        version: 3.25.76

packages:

  '@types/validator@13.15.10':
    resolution: {integrity: sha512-T8L6i7wCuyoK8A/ZeLYt1+q0ty3Zb9+qbSSvrIVitzT3YjZqkTZ40IbRsPanlB4h1QB3JVL1SYCdR6ngtFYcuA==}

  class-transformer@0.5.1:
    resolution: {integrity: sha512-SQa1Ws6hUbfC98vKGxZH3KFY0Y1lm5Zm0SY8XX9zbK7FJCyVEac3ATW0RIpwzW+oOfmHE5PMPufDG9hCfoEOMw==}

  class-validator@0.14.2:
    resolution: {integrity: sha512-3kMVRF2io8N8pY1IFIXlho9r8IPUUIfHe2hYVtiebvAzU2XeQFXTv+XI4WX+TnXmtwXMDcjngcpkiPM0O9PvLw==}

  libphonenumber-js@1.12.29:
    resolution: {integrity: sha512-P2aLrbeqHbmh8+9P35LXQfXOKc7XJ0ymUKl7tyeyQjdRNfzunXWxQXGc4yl3fUf28fqLRfPY+vIVvFXK7KEBTw==}

  validator@13.15.23:
    resolution: {integrity: sha512-4yoz1kEWqUjzi5zsPbAS/903QXSYp0UOtHsPpp7p9rHAw/W+dkInskAE386Fat3oKRROwO98d9ZB0G4cObgUyw==}
    engines: {node: '>= 0.10'}

  zod@3.25.76:
    resolution: {integrity: sha512-gzUt/qt81nXsFGKIFcC3YnfEAx5NkunCfnDlvuBSSFS02bcXu4Lmea0AFIUwbLWxWPx3d9p8S5QoaujKcNQxcQ==}

snapshots:

  '@types/validator@13.15.10': {}

  class-transformer@0.5.1: {}

  class-validator@0.14.2:
    dependencies:
      '@types/validator': 13.15.10
      libphonenumber-js: 1.12.29
      validator: 13.15.23

  libphonenumber-js@1.12.29: {}

  validator@13.15.23: {}

  zod@3.25.76: {}
